{
  "object": {
    "pins": [
      {
        "package": "swift-nonempty",
        "repositoryURL": "https://github.com/pointfreeco/swift-nonempty",
        "state": {
          "branch": null,
          "revision": "a3dbd05f2b57cb0ea1b8138a720fc28a1629ca06",
          "version": "0.3.1"
        }
      }
    ]
  },
  "version": 1
}
